// !$*UTF8*$!
{
	archiveVersion = 1;
	classes = {
	};
	objectVersion = 50;
	objects = {

/* Begin PBXBuildFile section */
		1E03D9AB2446AEF000425EDC /* AppDelegate.swift in Sources */ = {isa = PBXBuildFile; fileRef = 1E03D9AA2446AEF000425EDC /* AppDelegate.swift */; };
		1E03D9AD2446AEF000425EDC /* SceneDelegate.swift in Sources */ = {isa = PBXBuildFile; fileRef = 1E03D9AC2446AEF000425EDC /* SceneDelegate.swift */; };
		1E03D9AF2446AEF000425EDC /* ViewController.swift in Sources */ = {isa = PBXBuildFile; fileRef = 1E03D9AE2446AEF000425EDC /* ViewController.swift */; };
		1E03D9B22446AEF000425EDC /* Main.storyboard in Resources */ = {isa = PBXBuildFile; fileRef = 1E03D9B02446AEF000425EDC /* Main.storyboard */; };
		1E03D9B42446AEF200425EDC /* Assets.xcassets in Resources */ = {isa = PBXBuildFile; fileRef = 1E03D9B32446AEF200425EDC /* Assets.xcassets */; };
		1E03D9B72446AEF200425EDC /* LaunchScreen.storyboard in Resources */ = {isa = PBXBuildFile; fileRef = 1E03D9B52446AEF200425EDC /* LaunchScreen.storyboard */; };
/* End PBXBuildFile section */

/* Begin PBXFileReference section */
		1E03D9A72446AEF000425EDC /* Music app.app */ = {isa = PBXFileReference; explicitFileType = wrapper.application; includeInIndex = 0; path = "Music app.app"; sourceTree = BUILT_PRODUCTS_DIR; };
		1E03D9AA2446AEF000425EDC /* AppDelegate.swift */ = {isa = PBXFileReference; lastKnownFileType = sourcecode.swift; path = AppDelegate.swift; sourceTree = "<group>"; };
		1E03D9AC2446AEF000425EDC /* SceneDelegate.swift */ = {isa = PBXFileReference; lastKnownFileType = sourcecode.swift; path = SceneDelegate.swift; sourceTree = "<group>"; };
		1E03D9AE2446AEF000425EDC /* ViewController.swift */ = {isa = PBXFileReference; lastKnownFileType = sourcecode.swift; path = ViewController.swift; sourceTree = "<group>"; };
		1E03D9B12446AEF000425EDC /* Base */ = {isa = PBXFileReference; lastKnownFileType = file.storyboard; name = Base; path = Base.lproj/Main.storyboard; sourceTree = "<group>"; };
		1E03D9B32446AEF200425EDC /* Assets.xcassets */ = {isa = PBXFileReference; lastKnownFileType = folder.assetcatalog; path = Assets.xcassets; sourceTree = "<group>"; };
		1E03D9B62446AEF200425EDC /* Base */ = {isa = PBXFileReference; lastKnownFileType = file.storyboard; name = Base; path = Base.lproj/LaunchScreen.storyboard; sourceTree = "<group>"; };
		1E03D9B82446AEF200425EDC /* Info.plist */ = {isa = PBXFileReference; lastKnownFileType = text.plist.xml; path = Info.plist; sourceTree = "<group>"; };
/* End PBXFileReference section */

/* Begin PBXFrameworksBuildPhase section */
		1E03D9A42446AEF000425EDC /* Frameworks */ = {
			isa = PBXFrameworksBuildPhase;
			buildActionMask = 2147483647;
			files = (
			);
			runOnlyForDeploymentPostprocessing = 0;
		};
/* End PBXFrameworksBuildPhase section */

/* Begin PBXGroup section */
		1E03D99E2446AEF000425EDC = {
			isa = PBXGroup;
			children = (
				1E03D9A92446AEF000425EDC /* Music app */,
				1E03D9A82446AEF000425EDC /* Products */,
			);
			sourceTree = "<group>";
		};
		1E03D9A82446AEF000425EDC /* Products */ = {
			isa = PBXGroup;
			children = (
				1E03D9A72446AEF000425EDC /* Music app.app */,
			);
			name = Products;
			sourceTree = "<group>";
		};
		1E03D9A92446AEF000425EDC /* Music app */ = {
			isa = PBXGroup;
			children = (
				1E03D9AA2446AEF000425EDC /* AppDelegate.swift */,
				1E03D9AC2446AEF000425EDC /* SceneDelegate.swift */,
				1E03D9AE2446AEF000425EDC /* ViewController.swift */,
				1E03D9B02446AEF000425EDC /* Main.storyboard */,
				1E03D9B32446AEF200425EDC /* Assets.xcassets */,
				1E03D9B52446AEF200425EDC /* LaunchScreen.storyboard */,
				1E03D9B82446AEF200425EDC /* Info.plist */,
			);
			path = "Music app";
			sourceTree = "<group>";
		};
/* End PBXGroup section */

/* Begin PBXNativeTarget section */
		1E03D9A62446AEF000425EDC /* Music app */ = {
			isa = PBXNativeTarget;
			buildConfigurationList = 1E03D9BB2446AEF200425EDC /* Build configuration list for PBXNativeTarget "Music app" */;
			buildPhases = (
				1E03D9A32446AEF000425EDC /* Sources */,
				1E03D9A42446AEF000425EDC /* Frameworks */,
				1E03D9A52446AEF000425EDC /* Resources */,
			);
			buildRules = (
			);
			dependencies = (
			);
			name = "Music app";
			productName = "Music app";
			productReference = 1E03D9A72446AEF000425EDC /* Music app.app */;
			productType = "com.apple.product-type.application";
		};
/* End PBXNativeTarget section */

/* Begin PBXProject section */
		1E03D99F2446AEF000425EDC /* Project object */ = {
			isa = PBXProject;
			attributes = {
				LastSwiftUpdateCheck = 1140;
				LastUpgradeCheck = 1140;
				ORGANIZATIONNAME = fubonlife;
				TargetAttributes = {
					1E03D9A62446AEF000425EDC = {
						CreatedOnToolsVersion = 11.4;
					};
				};
			};
			buildConfigurationList = 1E03D9A22446AEF000425EDC /* Build configuration list for PBXProject "Music app" */;
			compatibilityVersion = "Xcode 9.3";
			developmentRegion = en;
			hasScannedForEncodings = 0;
			knownRegions = (
				en,
				Base,
			);
			mainGroup = 1E03D99E2446AEF000425EDC;
			productRefGroup = 1E03D9A82446AEF000425EDC /* Products */;
			projectDirPath = "";
			projectRoot = "";
			targets = (
				1E03D9A62446AEF000425EDC /* Music app */,
			);
		};
/* End PBXProject section */

/* Begin PBXResourcesBuildPhase section */
		1E03D9A52446AEF000425EDC /* Resources */ = {
			isa = PBXResourcesBuildPhase;
			buildActionMask = 2147483647;
			files = (
				1E03D9B72446AEF200425EDC /* LaunchScreen.storyboard in Resources */,
				1E03D9B42446AEF200425EDC /* Assets.xcassets in Resources */,
				1E03D9B22446AEF000425EDC /* Main.storyboard in Resources */,
			);
			runOnlyForDeploymentPostprocessing = 0;
		};
/* End PBXResourcesBuildPhase section */

/* Begin PBXSourcesBuildPhase section */
		1E03D9A32446AEF000425EDC /* Sources */ = {
			isa = PBXSourcesBuildPhase;
			buildActionMask = 2147483647;
			files = (
				1E03D9AF2446AEF000425EDC /* ViewController.swift in Sources */,
				1E03D9AB2446AEF000425EDC /* AppDelegate.swift in Sources */,
				1E03D9AD2446AEF000425EDC /* SceneDelegate.swift in Sources */,
			);
			runOnlyForDeploymentPostprocessing = 0;
		};
/* End PBXSourcesBuildPhase section */

/* Begin PBXVariantGroup section */
		1E03D9B02446AEF000425EDC /* Main.storyboard */ = {
			isa = PBXVariantGroup;
			children = (
				1E03D9B12446AEF000425EDC /* Base */,
			);
			name = Main.storyboard;
			sourceTree = "<group>";
		};
		1E03D9B52446AEF200425EDC /* LaunchScreen.storyboard */ = {
			isa = PBXVariantGroup;
			children = (
				1E03D9B62446AEF200425EDC /* Base */,
			);
			name = LaunchScreen.storyboard;
			sourceTree = "<group>";
		};
/* End PBXVariantGroup section */

/* Begin XCBuildConfiguration section */
		1E03D9B92446AEF200425EDC /* Debug */ = {
			isa = XCBuildConfiguration;
			buildSettings = {
				ALWAYS_SEARCH_USER_PATHS = NO;
				CLANG_ANALYZER_NONNULL = YES;
				CLANG_ANALYZER_NUMBER_OBJECT_CONVERSION = YES_AGGRESSIVE;
				CLANG_CXX_LANGUAGE_STANDARD = "gnu++14";
				CLANG_CXX_LIBRARY = "libc++";
				CLANG_ENABLE_MODULES = YES;
				CLANG_ENABLE_OBJC_ARC = YES;
				CLANG_ENABLE_OBJC_WEAK = YES;
				CLANG_WARN_BLOCK_CAPTURE_AUTORELEASING = YES;
				CLANG_WARN_BOOL_CONVERSION = YES;
				CLANG_WARN_COMMA = YES;
				CLANG_WARN_CONSTANT_CONVERSION = YES;
				CLANG_WARN_DEPRECATED_OBJC_IMPLEMENTATIONS = YES;
				CLANG_WARN_DIRECT_OBJC_ISA_USAGE = YES_ERROR;
				CLANG_WARN_DOCUMENTATION_COMMENTS = YES;
				CLANG_WARN_EMPTY_BODY = YES;
				CLANG_WARN_ENUM_CONVERSION = YES;
				CLANG_WARN_INFINITE_RECURSION = YES;
				CLANG_WARN_INT_CONVERSION = YES;
				CLANG_WARN_NON_LITERAL_NULL_CONVERSION = YES;
				CLANG_WARN_OBJC_IMPLICIT_RETAIN_SELF = YES;
				CLANG_WARN_OBJC_LITERAL_CONVERSION = YES;
				CLANG_WARN_OBJC_ROOT_CLASS = YES_ERROR;
				CLANG_WARN_RANGE_LOOP_ANALYSIS = YES;
				CLANG_WARN_STRICT_PROTOTYPES = YES;
				CLANG_WARN_SUSPICIOUS_MOVE = YES;
				CLANG_WARN_UNGUARDED_AVAILABILITY = YES_AGGRESSIVE;
				CLANG_WARN_UNREACHABLE_CODE = YES;
				CLANG_WARN__DUPLICATE_METHOD_MATCH = YES;
				COPY_PHASE_STRIP = NO;
				DEBUG_INFORMATION_FORMAT = dwarf;
				ENABLE_STRICT_OBJC_MSGSEND = YES;
				ENABLE_TESTABILITY = YES;
				GCC_C_LANGUAGE_STANDARD = gnu11;
				GCC_DYNAMIC_NO_PIC = NO;
				GCC_NO_COMMON_BLOCKS = YES;
				GCC_OPTIMIZATION_LEVEL = 0;
				GCC_PREPROCESSOR_DEFINITIONS = (
					"DEBUG=1",
					"$(inherited)",
				);
				GCC_WARN_64_TO_32_BIT_CONVERSION = YES;
				GCC_WARN_ABOUT_RETURN_TYPE = YES_ERROR;
				GCC_WARN_UNDECLARED_SELECTOR = YES;
				GCC_WARN_UNINITIALIZED_AUTOS = YES_AGGRESSIVE;
				GCC_WARN_UNUSED_FUNCTION = YES;
				GCC_WARN_UNUSED_VARIABLE = YES;
				IPHONEOS_DEPLOYMENT_TARGET = 13.4;
				MTL_ENABLE_DEBUG_INFO = INCLUDE_SOURCE;
				MTL_FAST_MATH = YES;
				ONLY_ACTIVE_ARCH = YES;
				SDKROOT = iphoneos;
				SWIFT_ACTIVE_COMPILATION_CONDITIONS = DEBUG;
				SWIFT_OPTIMIZATION_LEVEL = "-Onone";
			};
			name = Debug;
		};
		1E03D9BA2446AEF200425EDC /* Release */ = {
			isa = XCBuildConfiguration;
			buildSettings = {
				ALWAYS_SEARCH_USER_PATHS = NO;
				CLANG_ANALYZER_NONNULL = YES;
				CLANG_ANALYZER_NUMBER_OBJECT_CONVERSION = YES_AGGRESSIVE;
				CLANG_CXX_LANGUAGE_STANDARD = "gnu++14";
				CLANG_CXX_LIBRARY = "libc++";
				CLANG_ENABLE_MODULES = YES;
				CLANG_ENABLE_OBJC_ARC = YES;
				CLANG_ENABLE_OBJC_WEAK = YES;
				CLANG_WARN_BLOCK_CAPTURE_AUTORELEASING = YES;
				CLANG_WARN_BOOL_CONVERSION = YES;
				CLANG_WARN_COMMA = YES;
				CLANG_WARN_CONSTANT_CONVERSION = YES;
				CLANG_WARN_DEPRECATED_OBJC_IMPLEMENTATIONS = YES;
				CLANG_WARN_DIRECT_OBJC_ISA_USAGE = YES_ERROR;
				CLANG_WARN_DOCUMENTATION_COMMENTS = YES;
				CLANG_WARN_EMPTY_BODY = YES;
				CLANG_WARN_ENUM_CONVERSION = YES;
				CLANG_WARN_INFINITE_RECURSION = YES;
				CLANG_WARN_INT_CONVERSION = YES;
				CLANG_WARN_NON_LITERAL_NULL_CONVERSION = YES;
				CLANG_WARN_OBJC_IMPLICIT_RETAIN_SELF = YES;
				CLANG_WARN_OBJC_LITERAL_CONVERSION = YES;
				CLANG_WARN_OBJC_ROOT_CLASS = YES_ERROR;
				CLANG_WARN_RANGE_LOOP_ANALYSIS = YES;
				CLANG_WARN_STRICT_PROTOTYPES = YES;
				CLANG_WARN_SUSPICIOUS_MOVE = YES;
				CLANG_WARN_UNGUARDED_AVAILABILITY = YES_AGGRESSIVE;
				CLANG_WARN_UNREACHABLE_CODE = YES;
				CLANG_WARN__DUPLICATE_METHOD_MATCH = YES;
				COPY_PHASE_STRIP = NO;
				DEBUG_INFORMATION_FORMAT = "dwarf-with-dsym";
				ENABLE_NS_ASSERTIONS = NO;
				ENABLE_STRICT_OBJC_MSGSEND = YES;
				GCC_C_LANGUAGE_STANDARD = gnu11;
				GCC_NO_COMMON_BLOCKS = YES;
				GCC_WARN_64_TO_32_BIT_CONVERSION = YES;
				GCC_WARN_ABOUT_RETURN_TYPE = YES_ERROR;
				GCC_WARN_UNDECLARED_SELECTOR = YES;
				GCC_WARN_UNINITIALIZED_AUTOS = YES_AGGRESSIVE;
				GCC_WARN_UNUSED_FUNCTION = YES;
				GCC_WARN_UNUSED_VARIABLE = YES;
				IPHONEOS_DEPLOYMENT_TARGET = 13.4;
				MTL_ENABLE_DEBUG_INFO = NO;
				MTL_FAST_MATH = YES;
				SDKROOT = iphoneos;
				SWIFT_COMPILATION_MODE = wholemodule;
				SWIFT_OPTIMIZATION_LEVEL = "-O";
				VALIDATE_PRODUCT = YES;
			};
			name = Release;
		};
		1E03D9BC2446AEF200425EDC /* Debug */ = {
			isa = XCBuildConfiguration;
			buildSettings = {
				ASSETCATALOG_COMPILER_APPICON_NAME = AppIcon;
				CODE_SIGN_STYLE = Automatic;
				DEVELOPMENT_TEAM = 85YVZVQXB2;
				INFOPLIST_FILE = "Music app/Info.plist";
				LD_RUNPATH_SEARCH_PATHS = (
					"$(inherited)",
					"@executable_path/Frameworks",
				);
				PRODUCT_BUNDLE_IDENTIFIER = "com.fubonlife.Music-app";
				PRODUCT_NAME = "$(TARGET_NAME)";
				SWIFT_VERSION = 5.0;
				TARGETED_DEVICE_FAMILY = "1,2";
			};
			name = Debug;
		};
		1E03D9BD2446AEF200425EDC /* Release */ = {
			isa = XCBuildConfiguration;
			buildSettings = {
				ASSETCATALOG_COMPILER_APPICON_NAME = AppIcon;
				CODE_SIGN_STYLE = Automatic;
				DEVELOPMENT_TEAM = 85YVZVQXB2;
				INFOPLIST_FILE = "Music app/Info.plist";
				LD_RUNPATH_SEARCH_PATHS = (
					"$(inherited)",
					"@executable_path/Frameworks",
				);
				PRODUCT_BUNDLE_IDENTIFIER = "com.fubonlife.Music-app";
				PRODUCT_NAME = "$(TARGET_NAME)";
				SWIFT_VERSION = 5.0;
				TARGETED_DEVICE_FAMILY = "1,2";
			};
			name = Release;
		};
/* End XCBuildConfiguration section */

/* Begin XCConfigurationList section */
		1E03D9A22446AEF000425EDC /* Build configuration list for PBXProject "Music app" */ = {
			isa = XCConfigurationList;
			buildConfigurations = (
				1E03D9B92446AEF200425EDC /* Debug */,
				1E03D9BA2446AEF200425EDC /* Release */,
			);
			defaultConfigurationIsVisible = 0;
			defaultConfigurationName = Release;
		};
		1E03D9BB2446AEF200425EDC /* Build configuration list for PBXNativeTarget "Music app" */ = {
			isa = XCConfigurationList;
			buildConfigurations = (
				1E03D9BC2446AEF200425EDC /* Debug */,
				1E03D9BD2446AEF200425EDC /* Release */,
			);
			defaultConfigurationIsVisible = 0;
			defaultConfigurationName = Release;
		};
/* End XCConfigurationList section */
	};
	rootObject = 1E03D99F2446AEF000425EDC /* Project object */;
}
